{
  "nodes": {
    "flake-compat": {
      "flake": false,
      "locked": {
        "lastModified": 1747046372,
        "narHash": "sha256-CIVLLkVgvHYbgI2UpXvIIBJ12HWgX+fjA8Xf8PUmqCY=",
        "owner": "edolstra",
        "repo": "flake-compat",
        "rev": "9100a0f413b0c601e0533d1d94ffd501ce2e7885",
        "type": "github"
      },
      "original": {
        "owner": "edolstra",
        "repo": "flake-compat",
        "type": "github"
      }
    },
    "home-manager": {
      "inputs": {
        "nixpkgs": [
          "nixpkgs"
        ]
      },
      "locked": {
        "lastModified": 1761081701,
        "narHash": "sha256-IwpfaKg5c/WWQiy8b5QGaVPMvoEQ2J6kpwRFdpVpBNQ=",
        "owner": "nix-community",
        "repo": "home-manager",
        "rev": "9b4a2a7c4fbd75b422f00794af02d6edb4d9d315",
        "type": "github"
      },
      "original": {
        "owner": "nix-community",
        "repo": "home-manager",
        "type": "github"
      }
    },
    "nixos-wsl": {
      "inputs": {
        "flake-compat": "flake-compat",
        "nixpkgs": [
          "nixpkgs"
        ]
      },
      "locked": {
        "lastModified": 1760536587,
        "narHash": "sha256-wfWqt+igns/VazjPLkyb4Z/wpn4v+XIjUeI3xY/1ENg=",
        "owner": "nix-community",
        "repo": "NixOS-WSL",
        "rev": "f98ee1de1fa36eca63c67b600f5d617e184e82ea",
        "type": "github"
      },
      "original": {
        "owner": "nix-community",
        "ref": "main",
        "repo": "NixOS-WSL",
        "type": "github"
      }
    },
    "nixpkgs": {
      "locked": {
        "lastModified": 1761016216,
        "narHash": "sha256-G/iC4t/9j/52i/nm+0/4ybBmAF4hzR8CNHC75qEhjHo=",
        "owner": "NixOS",
        "repo": "nixpkgs",
        "rev": "481cf557888e05d3128a76f14c76397b7d7cc869",
        "type": "github"
      },
      "original": {
        "owner": "NixOS",
        "ref": "nixos-25.05",
        "repo": "nixpkgs",
        "type": "github"
      }
    },
    "nixpkgs-unstable": {
      "locked": {
        "lastModified": 1760878510,
        "narHash": "sha256-K5Osef2qexezUfs0alLvZ7nQFTGS9DL2oTVsIXsqLgs=",
        "owner": "nixos",
        "repo": "nixpkgs",
        "rev": "5e2a59a5b1a82f89f2c7e598302a9cacebb72a67",
        "type": "github"
      },
      "original": {
        "owner": "nixos",
        "ref": "nixos-unstable",
        "repo": "nixpkgs",
        "type": "github"
      }
    },
    "root": {
      "inputs": {
        "home-manager": "home-manager",
        "nixos-wsl": "nixos-wsl",
        "nixpkgs": "nixpkgs",
        "nixpkgs-unstable": "nixpkgs-unstable"
      }
    }
  },
  "root": "root",
  "version": 7
}
